
Microsoft Visual Studio Solution File, Format Version 12.00
# Visual Studio Version 16
VisualStudioVersion = 16.0.34729.46
MinimumVisualStudioVersion = 10.0.40219.1
Project("{FAE04EC0-301F-11D3-BF4B-00C04F79EFBC}") = "FREE OSCILLATIONS", "FREE OSCILLATIONS\FREE OSCILLATIONS.csproj", "{DA8C69B2-8477-478D-B7DF-972368F703F7}"
EndProject
Global
	GlobalSection(SolutionConfigurationPlatforms) = preSolution
		Debug|Any CPU = Debug|Any CPU
		Release|Any CPU = Release|Any CPU
	EndGlobalSection
	GlobalSection(ProjectConfigurationPlatforms) = postSolution
		{DA8C69B2-8477-478D-B7DF-972368F703F7}.Debug|Any CPU.ActiveCfg = Debug|Any CPU
		{DA8C69B2-8477-478D-B7DF-972368F703F7}.Debug|Any CPU.Build.0 = Debug|Any CPU
		{DA8C69B2-8477-478D-B7DF-972368F703F7}.Release|Any CPU.ActiveCfg = Release|Any CPU
		{DA8C69B2-8477-478D-B7DF-972368F703F7}.Release|Any CPU.Build.0 = Release|Any CPU
	EndGlobalSection
	GlobalSection(SolutionProperties) = preSolution
		HideSolutionNode = FALSE
	EndGlobalSection
	GlobalSection(ExtensibilityGlobals) = postSolution
		SolutionGuid = {F218FBFF-737B-4A5F-A10E-218204FAB476}
	EndGlobalSection
EndGlobal
